
Microsoft Visual Studio Solution File, Format Version 12.00
# Visual Studio Version 17
VisualStudioVersion = 17.0.32014.148
MinimumVisualStudioVersion = 10.0.40219.1
Project("{FAE04EC0-301F-11D3-BF4B-00C04F79EFBC}") = "Masters.IDP", "src\Masters.IDP\Masters.IDP.csproj", "{866F65AF-8754-4D24-80C5-F71AB5299853}"
EndProject
Project("{FAE04EC0-301F-11D3-BF4B-00C04F79EFBC}") = "Masters.SecureAPI", "src\Masters.SecureAPI\Masters.SecureAPI.csproj", "{C16F5E9E-DF6D-41AB-8DAE-B2174A9317A1}"
EndProject
Project("{FAE04EC0-301F-11D3-BF4B-00C04F79EFBC}") = "Masters.AdminAPI", "src\Masters.AdminAPI\Masters.AdminAPI.csproj", "{8FFBF09C-B4DA-42C6-A7DA-CEEE91C6EF99}"
EndProject
Project("{FAE04EC0-301F-11D3-BF4B-00C04F79EFBC}") = "Masters.Shared", "src\Masters.Shared\Masters.Shared.csproj", "{5501A34D-CF44-4A01-B2DF-1D6709D3559F}"
EndProject
Project("{FAE04EC0-301F-11D3-BF4B-00C04F79EFBC}") = "Masters.Storage", "src\Masters.Storage\Masters.Storage.csproj", "{BC26F72C-5D9A-4717-B26D-34590A027A8B}"
EndProject
Global
	GlobalSection(SolutionConfigurationPlatforms) = preSolution
		Debug|Any CPU = Debug|Any CPU
		Release|Any CPU = Release|Any CPU
	EndGlobalSection
	GlobalSection(ProjectConfigurationPlatforms) = postSolution
		{866F65AF-8754-4D24-80C5-F71AB5299853}.Debug|Any CPU.ActiveCfg = Debug|Any CPU
		{866F65AF-8754-4D24-80C5-F71AB5299853}.Debug|Any CPU.Build.0 = Debug|Any CPU
		{866F65AF-8754-4D24-80C5-F71AB5299853}.Release|Any CPU.ActiveCfg = Release|Any CPU
		{866F65AF-8754-4D24-80C5-F71AB5299853}.Release|Any CPU.Build.0 = Release|Any CPU
		{C16F5E9E-DF6D-41AB-8DAE-B2174A9317A1}.Debug|Any CPU.ActiveCfg = Debug|Any CPU
		{C16F5E9E-DF6D-41AB-8DAE-B2174A9317A1}.Debug|Any CPU.Build.0 = Debug|Any CPU
		{C16F5E9E-DF6D-41AB-8DAE-B2174A9317A1}.Release|Any CPU.ActiveCfg = Release|Any CPU
		{C16F5E9E-DF6D-41AB-8DAE-B2174A9317A1}.Release|Any CPU.Build.0 = Release|Any CPU
		{8FFBF09C-B4DA-42C6-A7DA-CEEE91C6EF99}.Debug|Any CPU.ActiveCfg = Debug|Any CPU
		{8FFBF09C-B4DA-42C6-A7DA-CEEE91C6EF99}.Debug|Any CPU.Build.0 = Debug|Any CPU
		{8FFBF09C-B4DA-42C6-A7DA-CEEE91C6EF99}.Release|Any CPU.ActiveCfg = Release|Any CPU
		{8FFBF09C-B4DA-42C6-A7DA-CEEE91C6EF99}.Release|Any CPU.Build.0 = Release|Any CPU
		{5501A34D-CF44-4A01-B2DF-1D6709D3559F}.Debug|Any CPU.ActiveCfg = Debug|Any CPU
		{5501A34D-CF44-4A01-B2DF-1D6709D3559F}.Debug|Any CPU.Build.0 = Debug|Any CPU
		{5501A34D-CF44-4A01-B2DF-1D6709D3559F}.Release|Any CPU.ActiveCfg = Release|Any CPU
		{5501A34D-CF44-4A01-B2DF-1D6709D3559F}.Release|Any CPU.Build.0 = Release|Any CPU
		{BC26F72C-5D9A-4717-B26D-34590A027A8B}.Debug|Any CPU.ActiveCfg = Debug|Any CPU
		{BC26F72C-5D9A-4717-B26D-34590A027A8B}.Debug|Any CPU.Build.0 = Debug|Any CPU
		{BC26F72C-5D9A-4717-B26D-34590A027A8B}.Release|Any CPU.ActiveCfg = Release|Any CPU
		{BC26F72C-5D9A-4717-B26D-34590A027A8B}.Release|Any CPU.Build.0 = Release|Any CPU
	EndGlobalSection
	GlobalSection(SolutionProperties) = preSolution
		HideSolutionNode = FALSE
	EndGlobalSection
	GlobalSection(ExtensibilityGlobals) = postSolution
		SolutionGuid = {C4270E10-7299-4889-B40A-F53F746F8D77}
	EndGlobalSection
	GlobalSection(NestedProjects) = preSolution
	EndGlobalSection
	GlobalSection(RiderSharedRunConfigurations) = postSolution
		File = src\.run\Master.WholeStack.run.xml
	EndGlobalSection
EndGlobal
